
Microsoft Visual Studio Solution File, Format Version 12.00
# Visual Studio Version 16
VisualStudioVersion = 16.0.29519.181
MinimumVisualStudioVersion = 10.0.40219.1
Project("{FAE04EC0-301F-11D3-BF4B-00C04F79EFBC}") = "Blog.IdentityServer4", "Blog.IdentityServer4\Blog.IdentityServer4.csproj", "{7910BEC0-F413-40C8-8806-07D602CD4214}"
EndProject
Global
	GlobalSection(SolutionConfigurationPlatforms) = preSolution
		Debug|Any CPU = Debug|Any CPU
		Release|Any CPU = Release|Any CPU
	EndGlobalSection
	GlobalSection(ProjectConfigurationPlatforms) = postSolution
		{7910BEC0-F413-40C8-8806-07D602CD4214}.Debug|Any CPU.ActiveCfg = Debug|Any CPU
		{7910BEC0-F413-40C8-8806-07D602CD4214}.Debug|Any CPU.Build.0 = Debug|Any CPU
		{7910BEC0-F413-40C8-8806-07D602CD4214}.Release|Any CPU.ActiveCfg = Release|Any CPU
		{7910BEC0-F413-40C8-8806-07D602CD4214}.Release|Any CPU.Build.0 = Release|Any CPU
	EndGlobalSection
	GlobalSection(SolutionProperties) = preSolution
		HideSolutionNode = FALSE
	EndGlobalSection
	GlobalSection(ExtensibilityGlobals) = postSolution
		SolutionGuid = {E908E159-E33F-4A64-AA72-9BF367E3C07D}
	EndGlobalSection
EndGlobal
